
Microsoft Visual Studio Solution File, Format Version 12.00
# Visual Studio Version 17
VisualStudioVersion = 17.14.36623.8 d17.14
MinimumVisualStudioVersion = 10.0.40219.1
Project("{FAE04EC0-301F-11D3-BF4B-00C04F79EFBC}") = "GhorKhata", "GhorKhata\GhorKhata.csproj", "{834DA1B5-F36C-4BA0-B76B-EA75CBA43E18}"
EndProject
Global
	GlobalSection(SolutionConfigurationPlatforms) = preSolution
		Debug|Any CPU = Debug|Any CPU
		Release|Any CPU = Release|Any CPU
	EndGlobalSection
	GlobalSection(ProjectConfigurationPlatforms) = postSolution
		{834DA1B5-F36C-4BA0-B76B-EA75CBA43E18}.Debug|Any CPU.ActiveCfg = Debug|Any CPU
		{834DA1B5-F36C-4BA0-B76B-EA75CBA43E18}.Debug|Any CPU.Build.0 = Debug|Any CPU
		{834DA1B5-F36C-4BA0-B76B-EA75CBA43E18}.Release|Any CPU.ActiveCfg = Release|Any CPU
		{834DA1B5-F36C-4BA0-B76B-EA75CBA43E18}.Release|Any CPU.Build.0 = Release|Any CPU
	EndGlobalSection
	GlobalSection(SolutionProperties) = preSolution
		HideSolutionNode = FALSE
	EndGlobalSection
	GlobalSection(ExtensibilityGlobals) = postSolution
		SolutionGuid = {2FAB3F00-7199-40C9-B501-71278567AD8F}
	EndGlobalSection
EndGlobal
